
Microsoft Visual Studio Solution File, Format Version 12.00
# Visual Studio 15
VisualStudioVersion = 15.0.26124.0
MinimumVisualStudioVersion = 15.0.26124.0
Project("{2150E333-8FDC-42A3-9474-1A3956D46DE8}") = "src", "src", "{A3D15897-41A5-478D-B56B-950AA593F46A}"
EndProject
Project("{FAE04EC0-301F-11D3-BF4B-00C04F79EFBC}") = "Data", "src\Data\Data.csproj", "{EB80310D-2CCB-455F-A1B4-44B1671BC3CD}"
EndProject
Project("{FAE04EC0-301F-11D3-BF4B-00C04F79EFBC}") = "DI", "src\DI\DI.csproj", "{FBD344C4-9131-4DB0-B620-0B8783CBB779}"
EndProject
Project("{FAE04EC0-301F-11D3-BF4B-00C04F79EFBC}") = "Domain", "src\Domain\Domain.csproj", "{DC1F9C44-48B4-4A59-9616-0BF97DC98E87}"
EndProject
Project("{FAE04EC0-301F-11D3-BF4B-00C04F79EFBC}") = "Email", "src\Email\Email.csproj", "{F775B224-B286-4219-8422-3CE63C6781AF}"
EndProject
Project("{FAE04EC0-301F-11D3-BF4B-00C04F79EFBC}") = "Storage", "src\Storage\Storage.csproj", "{513E70E2-74C4-4BB4-A2AE-EEC35628E964}"
EndProject
Project("{FAE04EC0-301F-11D3-BF4B-00C04F79EFBC}") = "WebJob.XML", "src\WebJob.XML\WebJob.XML.csproj", "{8D9BC0C1-7EE4-4636-BD33-3D61CB27AA94}"
EndProject
Project("{FAE04EC0-301F-11D3-BF4B-00C04F79EFBC}") = "Web.Site", "src\Web.Site\Web.Site.csproj", "{A32B6132-CBF9-4E95-92FA-A758939B6C2D}"
EndProject
Global
	GlobalSection(SolutionConfigurationPlatforms) = preSolution
		Debug|Any CPU = Debug|Any CPU
		Debug|x64 = Debug|x64
		Debug|x86 = Debug|x86
		Release|Any CPU = Release|Any CPU
		Release|x64 = Release|x64
		Release|x86 = Release|x86
	EndGlobalSection
	GlobalSection(SolutionProperties) = preSolution
		HideSolutionNode = FALSE
	EndGlobalSection
	GlobalSection(ProjectConfigurationPlatforms) = postSolution
		{EB80310D-2CCB-455F-A1B4-44B1671BC3CD}.Debug|Any CPU.ActiveCfg = Debug|Any CPU
		{EB80310D-2CCB-455F-A1B4-44B1671BC3CD}.Debug|Any CPU.Build.0 = Debug|Any CPU
		{EB80310D-2CCB-455F-A1B4-44B1671BC3CD}.Debug|x64.ActiveCfg = Debug|Any CPU
		{EB80310D-2CCB-455F-A1B4-44B1671BC3CD}.Debug|x64.Build.0 = Debug|Any CPU
		{EB80310D-2CCB-455F-A1B4-44B1671BC3CD}.Debug|x86.ActiveCfg = Debug|Any CPU
		{EB80310D-2CCB-455F-A1B4-44B1671BC3CD}.Debug|x86.Build.0 = Debug|Any CPU
		{EB80310D-2CCB-455F-A1B4-44B1671BC3CD}.Release|Any CPU.ActiveCfg = Release|Any CPU
		{EB80310D-2CCB-455F-A1B4-44B1671BC3CD}.Release|Any CPU.Build.0 = Release|Any CPU
		{EB80310D-2CCB-455F-A1B4-44B1671BC3CD}.Release|x64.ActiveCfg = Release|Any CPU
		{EB80310D-2CCB-455F-A1B4-44B1671BC3CD}.Release|x64.Build.0 = Release|Any CPU
		{EB80310D-2CCB-455F-A1B4-44B1671BC3CD}.Release|x86.ActiveCfg = Release|Any CPU
		{EB80310D-2CCB-455F-A1B4-44B1671BC3CD}.Release|x86.Build.0 = Release|Any CPU
		{FBD344C4-9131-4DB0-B620-0B8783CBB779}.Debug|Any CPU.ActiveCfg = Debug|Any CPU
		{FBD344C4-9131-4DB0-B620-0B8783CBB779}.Debug|Any CPU.Build.0 = Debug|Any CPU
		{FBD344C4-9131-4DB0-B620-0B8783CBB779}.Debug|x64.ActiveCfg = Debug|Any CPU
		{FBD344C4-9131-4DB0-B620-0B8783CBB779}.Debug|x64.Build.0 = Debug|Any CPU
		{FBD344C4-9131-4DB0-B620-0B8783CBB779}.Debug|x86.ActiveCfg = Debug|Any CPU
		{FBD344C4-9131-4DB0-B620-0B8783CBB779}.Debug|x86.Build.0 = Debug|Any CPU
		{FBD344C4-9131-4DB0-B620-0B8783CBB779}.Release|Any CPU.ActiveCfg = Release|Any CPU
		{FBD344C4-9131-4DB0-B620-0B8783CBB779}.Release|Any CPU.Build.0 = Release|Any CPU
		{FBD344C4-9131-4DB0-B620-0B8783CBB779}.Release|x64.ActiveCfg = Release|Any CPU
		{FBD344C4-9131-4DB0-B620-0B8783CBB779}.Release|x64.Build.0 = Release|Any CPU
		{FBD344C4-9131-4DB0-B620-0B8783CBB779}.Release|x86.ActiveCfg = Release|Any CPU
		{FBD344C4-9131-4DB0-B620-0B8783CBB779}.Release|x86.Build.0 = Release|Any CPU
		{DC1F9C44-48B4-4A59-9616-0BF97DC98E87}.Debug|Any CPU.ActiveCfg = Debug|Any CPU
		{DC1F9C44-48B4-4A59-9616-0BF97DC98E87}.Debug|Any CPU.Build.0 = Debug|Any CPU
		{DC1F9C44-48B4-4A59-9616-0BF97DC98E87}.Debug|x64.ActiveCfg = Debug|Any CPU
		{DC1F9C44-48B4-4A59-9616-0BF97DC98E87}.Debug|x64.Build.0 = Debug|Any CPU
		{DC1F9C44-48B4-4A59-9616-0BF97DC98E87}.Debug|x86.ActiveCfg = Debug|Any CPU
		{DC1F9C44-48B4-4A59-9616-0BF97DC98E87}.Debug|x86.Build.0 = Debug|Any CPU
		{DC1F9C44-48B4-4A59-9616-0BF97DC98E87}.Release|Any CPU.ActiveCfg = Release|Any CPU
		{DC1F9C44-48B4-4A59-9616-0BF97DC98E87}.Release|Any CPU.Build.0 = Release|Any CPU
		{DC1F9C44-48B4-4A59-9616-0BF97DC98E87}.Release|x64.ActiveCfg = Release|Any CPU
		{DC1F9C44-48B4-4A59-9616-0BF97DC98E87}.Release|x64.Build.0 = Release|Any CPU
		{DC1F9C44-48B4-4A59-9616-0BF97DC98E87}.Release|x86.ActiveCfg = Release|Any CPU
		{DC1F9C44-48B4-4A59-9616-0BF97DC98E87}.Release|x86.Build.0 = Release|Any CPU
		{F775B224-B286-4219-8422-3CE63C6781AF}.Debug|Any CPU.ActiveCfg = Debug|Any CPU
		{F775B224-B286-4219-8422-3CE63C6781AF}.Debug|Any CPU.Build.0 = Debug|Any CPU
		{F775B224-B286-4219-8422-3CE63C6781AF}.Debug|x64.ActiveCfg = Debug|Any CPU
		{F775B224-B286-4219-8422-3CE63C6781AF}.Debug|x64.Build.0 = Debug|Any CPU
		{F775B224-B286-4219-8422-3CE63C6781AF}.Debug|x86.ActiveCfg = Debug|Any CPU
		{F775B224-B286-4219-8422-3CE63C6781AF}.Debug|x86.Build.0 = Debug|Any CPU
		{F775B224-B286-4219-8422-3CE63C6781AF}.Release|Any CPU.ActiveCfg = Release|Any CPU
		{F775B224-B286-4219-8422-3CE63C6781AF}.Release|Any CPU.Build.0 = Release|Any CPU
		{F775B224-B286-4219-8422-3CE63C6781AF}.Release|x64.ActiveCfg = Release|Any CPU
		{F775B224-B286-4219-8422-3CE63C6781AF}.Release|x64.Build.0 = Release|Any CPU
		{F775B224-B286-4219-8422-3CE63C6781AF}.Release|x86.ActiveCfg = Release|Any CPU
		{F775B224-B286-4219-8422-3CE63C6781AF}.Release|x86.Build.0 = Release|Any CPU
		{513E70E2-74C4-4BB4-A2AE-EEC35628E964}.Debug|Any CPU.ActiveCfg = Debug|Any CPU
		{513E70E2-74C4-4BB4-A2AE-EEC35628E964}.Debug|Any CPU.Build.0 = Debug|Any CPU
		{513E70E2-74C4-4BB4-A2AE-EEC35628E964}.Debug|x64.ActiveCfg = Debug|Any CPU
		{513E70E2-74C4-4BB4-A2AE-EEC35628E964}.Debug|x64.Build.0 = Debug|Any CPU
		{513E70E2-74C4-4BB4-A2AE-EEC35628E964}.Debug|x86.ActiveCfg = Debug|Any CPU
		{513E70E2-74C4-4BB4-A2AE-EEC35628E964}.Debug|x86.Build.0 = Debug|Any CPU
		{513E70E2-74C4-4BB4-A2AE-EEC35628E964}.Release|Any CPU.ActiveCfg = Release|Any CPU
		{513E70E2-74C4-4BB4-A2AE-EEC35628E964}.Release|Any CPU.Build.0 = Release|Any CPU
		{513E70E2-74C4-4BB4-A2AE-EEC35628E964}.Release|x64.ActiveCfg = Release|Any CPU
		{513E70E2-74C4-4BB4-A2AE-EEC35628E964}.Release|x64.Build.0 = Release|Any CPU
		{513E70E2-74C4-4BB4-A2AE-EEC35628E964}.Release|x86.ActiveCfg = Release|Any CPU
		{513E70E2-74C4-4BB4-A2AE-EEC35628E964}.Release|x86.Build.0 = Release|Any CPU
		{8D9BC0C1-7EE4-4636-BD33-3D61CB27AA94}.Debug|Any CPU.ActiveCfg = Debug|Any CPU
		{8D9BC0C1-7EE4-4636-BD33-3D61CB27AA94}.Debug|Any CPU.Build.0 = Debug|Any CPU
		{8D9BC0C1-7EE4-4636-BD33-3D61CB27AA94}.Debug|x64.ActiveCfg = Debug|Any CPU
		{8D9BC0C1-7EE4-4636-BD33-3D61CB27AA94}.Debug|x64.Build.0 = Debug|Any CPU
		{8D9BC0C1-7EE4-4636-BD33-3D61CB27AA94}.Debug|x86.ActiveCfg = Debug|Any CPU
		{8D9BC0C1-7EE4-4636-BD33-3D61CB27AA94}.Debug|x86.Build.0 = Debug|Any CPU
		{8D9BC0C1-7EE4-4636-BD33-3D61CB27AA94}.Release|Any CPU.ActiveCfg = Release|Any CPU
		{8D9BC0C1-7EE4-4636-BD33-3D61CB27AA94}.Release|Any CPU.Build.0 = Release|Any CPU
		{8D9BC0C1-7EE4-4636-BD33-3D61CB27AA94}.Release|x64.ActiveCfg = Release|Any CPU
		{8D9BC0C1-7EE4-4636-BD33-3D61CB27AA94}.Release|x64.Build.0 = Release|Any CPU
		{8D9BC0C1-7EE4-4636-BD33-3D61CB27AA94}.Release|x86.ActiveCfg = Release|Any CPU
		{8D9BC0C1-7EE4-4636-BD33-3D61CB27AA94}.Release|x86.Build.0 = Release|Any CPU
		{A32B6132-CBF9-4E95-92FA-A758939B6C2D}.Debug|Any CPU.ActiveCfg = Debug|Any CPU
		{A32B6132-CBF9-4E95-92FA-A758939B6C2D}.Debug|Any CPU.Build.0 = Debug|Any CPU
		{A32B6132-CBF9-4E95-92FA-A758939B6C2D}.Debug|x64.ActiveCfg = Debug|Any CPU
		{A32B6132-CBF9-4E95-92FA-A758939B6C2D}.Debug|x64.Build.0 = Debug|Any CPU
		{A32B6132-CBF9-4E95-92FA-A758939B6C2D}.Debug|x86.ActiveCfg = Debug|Any CPU
		{A32B6132-CBF9-4E95-92FA-A758939B6C2D}.Debug|x86.Build.0 = Debug|Any CPU
		{A32B6132-CBF9-4E95-92FA-A758939B6C2D}.Release|Any CPU.ActiveCfg = Release|Any CPU
		{A32B6132-CBF9-4E95-92FA-A758939B6C2D}.Release|Any CPU.Build.0 = Release|Any CPU
		{A32B6132-CBF9-4E95-92FA-A758939B6C2D}.Release|x64.ActiveCfg = Release|Any CPU
		{A32B6132-CBF9-4E95-92FA-A758939B6C2D}.Release|x64.Build.0 = Release|Any CPU
		{A32B6132-CBF9-4E95-92FA-A758939B6C2D}.Release|x86.ActiveCfg = Release|Any CPU
		{A32B6132-CBF9-4E95-92FA-A758939B6C2D}.Release|x86.Build.0 = Release|Any CPU
	EndGlobalSection
	GlobalSection(NestedProjects) = preSolution
		{EB80310D-2CCB-455F-A1B4-44B1671BC3CD} = {A3D15897-41A5-478D-B56B-950AA593F46A}
		{FBD344C4-9131-4DB0-B620-0B8783CBB779} = {A3D15897-41A5-478D-B56B-950AA593F46A}
		{DC1F9C44-48B4-4A59-9616-0BF97DC98E87} = {A3D15897-41A5-478D-B56B-950AA593F46A}
		{F775B224-B286-4219-8422-3CE63C6781AF} = {A3D15897-41A5-478D-B56B-950AA593F46A}
		{513E70E2-74C4-4BB4-A2AE-EEC35628E964} = {A3D15897-41A5-478D-B56B-950AA593F46A}
		{8D9BC0C1-7EE4-4636-BD33-3D61CB27AA94} = {A3D15897-41A5-478D-B56B-950AA593F46A}
		{A32B6132-CBF9-4E95-92FA-A758939B6C2D} = {A3D15897-41A5-478D-B56B-950AA593F46A}
	EndGlobalSection
EndGlobal
